{
  "name": "lambda-docker",
  "version": "1.0.0",
  "lockfileVersion": 3,
  "requires": true,
  "packages": {
    "": {
      "name": "lambda-docker",
      "version": "1.0.0",
      "dependencies": {
        "@hono/node-server": "^1.13.7",
        "@shyamraghuonec/rust-lib": "^1.0.8",
        "hono": "^4.6.14"
      },
      "devDependencies": {
        "typescript": "5.5.2"
      }
    },
    "node_modules/@hono/node-server": {
      "version": "1.13.7",
      "resolved": "https://registry.npmjs.org/@hono/node-server/-/node-server-1.13.7.tgz",
      "integrity": "sha512-kTfUMsoloVKtRA2fLiGSd9qBddmru9KadNyhJCwgKBxTiNkaAJEwkVN9KV/rS4HtmmNRtUh6P+YpmjRMl0d9vQ==",
      "license": "MIT",
      "engines": {
        "node": ">=18.14.1"
      },
      "peerDependencies": {
        "hono": "^4"
      }
    },
    "node_modules/@shyamraghuonec/rust-lib": {
      "version": "1.0.8",
      "resolved": "https://registry.npmjs.org/@shyamraghuonec/rust-lib/-/rust-lib-1.0.8.tgz",
      "integrity": "sha512-gsetAEtzsqrZtte5dYr4XPiYeZEVDQbRxpLpBMKWzNLkZ3dzr+0VbIZMcpd9AK9cZkzm2pDgSe6oQvaPLsQe4g==",
      "cpu": [
        "x64"
      ],
      "license": "MIT",
      "os": [
        "linux"
      ],
      "engines": {
        "node": ">= 10"
      }
    },
    "node_modules/hono": {
      "version": "4.6.14",
      "resolved": "https://registry.npmjs.org/hono/-/hono-4.6.14.tgz",
      "integrity": "sha512-j4VkyUp2xazGJ8eCCLN1Vm/bxdvm/j5ZuU9AIjLu9vapn2M44p9L3Ktr9Vnb2RN2QtcR/wVjZVMlT5k7GJQgPw==",
      "license": "MIT",
      "engines": {
        "node": ">=16.9.0"
      }
    },
    "node_modules/typescript": {
      "version": "5.5.2",
      "resolved": "https://registry.npmjs.org/typescript/-/typescript-5.5.2.tgz",
      "integrity": "sha512-NcRtPEOsPFFWjobJEtfihkLCZCXZt/os3zf8nTxjVH3RvTSxjrCamJpbExGvYOF+tFHc3pA65qpdwPbzjohhew==",
      "dev": true,
      "license": "Apache-2.0",
      "bin": {
        "tsc": "bin/tsc",
        "tsserver": "bin/tsserver"
      },
      "engines": {
        "node": ">=14.17"
      }
    }
  }
}
