{
  "name": "lambda-docker",
  "version": "1.0.0",
  "lockfileVersion": 3,
  "requires": true,
  "packages": {
    "": {
      "name": "lambda-docker",
      "version": "1.0.0",
      "dependencies": {
        "@shyamraghuonec/rust-lib": "^1.0.8"
      },
      "devDependencies": {
        "typescript": "5.5.2"
      }
    },
    "node_modules/@shyamraghuonec/rust-lib": {
      "version": "1.0.8",
      "resolved": "https://registry.npmjs.org/@shyamraghuonec/rust-lib/-/rust-lib-1.0.8.tgz",
      "integrity": "sha512-gsetAEtzsqrZtte5dYr4XPiYeZEVDQbRxpLpBMKWzNLkZ3dzr+0VbIZMcpd9AK9cZkzm2pDgSe6oQvaPLsQe4g==",
      "cpu": [
        "x64"
      ],
      "license": "MIT",
      "os": [
        "linux"
      ],
      "engines": {
        "node": ">= 10"
      }
    },
    "node_modules/typescript": {
      "version": "5.5.2",
      "resolved": "https://registry.npmjs.org/typescript/-/typescript-5.5.2.tgz",
      "integrity": "sha512-NcRtPEOsPFFWjobJEtfihkLCZCXZt/os3zf8nTxjVH3RvTSxjrCamJpbExGvYOF+tFHc3pA65qpdwPbzjohhew==",
      "dev": true,
      "license": "Apache-2.0",
      "bin": {
        "tsc": "bin/tsc",
        "tsserver": "bin/tsserver"
      },
      "engines": {
        "node": ">=14.17"
      }
    }
  }
}
